// !$*UTF8*$!
{
	archiveVersion = 1;
	classes = {
	};
	objectVersion = 46;
	objects = {

/* Begin PBXBuildFile section */
		178F3E2BFB9510FA8A40DC02 /* Pods_UIkitPractice.framework in Frameworks */ = {isa = PBXBuildFile; fileRef = 61FD1783BE672403F0244D69 /* Pods_UIkitPractice.framework */; };
		9300868A1F2AC79700BEA223 /* AppDelegate.swift in Sources */ = {isa = PBXBuildFile; fileRef = 930086891F2AC79700BEA223 /* AppDelegate.swift */; };
		9300868C1F2AC79700BEA223 /* ViewController.swift in Sources */ = {isa = PBXBuildFile; fileRef = 9300868B1F2AC79700BEA223 /* ViewController.swift */; };
		9300868F1F2AC79700BEA223 /* Main.storyboard in Resources */ = {isa = PBXBuildFile; fileRef = 9300868D1F2AC79700BEA223 /* Main.storyboard */; };
		930086911F2AC79700BEA223 /* Assets.xcassets in Resources */ = {isa = PBXBuildFile; fileRef = 930086901F2AC79700BEA223 /* Assets.xcassets */; };
		930086941F2AC79700BEA223 /* LaunchScreen.storyboard in Resources */ = {isa = PBXBuildFile; fileRef = 930086921F2AC79700BEA223 /* LaunchScreen.storyboard */; };
/* End PBXBuildFile section */

/* Begin PBXFileReference section */
		61FD1783BE672403F0244D69 /* Pods_UIkitPractice.framework */ = {isa = PBXFileReference; explicitFileType = wrapper.framework; includeInIndex = 0; path = Pods_UIkitPractice.framework; sourceTree = BUILT_PRODUCTS_DIR; };
		930086861F2AC79700BEA223 /* UIkitPractice.app */ = {isa = PBXFileReference; explicitFileType = wrapper.application; includeInIndex = 0; path = UIkitPractice.app; sourceTree = BUILT_PRODUCTS_DIR; };
		930086891F2AC79700BEA223 /* AppDelegate.swift */ = {isa = PBXFileReference; lastKnownFileType = sourcecode.swift; path = AppDelegate.swift; sourceTree = "<group>"; };
		9300868B1F2AC79700BEA223 /* ViewController.swift */ = {isa = PBXFileReference; lastKnownFileType = sourcecode.swift; path = ViewController.swift; sourceTree = "<group>"; };
		9300868E1F2AC79700BEA223 /* Base */ = {isa = PBXFileReference; lastKnownFileType = file.storyboard; name = Base; path = Base.lproj/Main.storyboard; sourceTree = "<group>"; };
		930086901F2AC79700BEA223 /* Assets.xcassets */ = {isa = PBXFileReference; lastKnownFileType = folder.assetcatalog; path = Assets.xcassets; sourceTree = "<group>"; };
		930086931F2AC79700BEA223 /* Base */ = {isa = PBXFileReference; lastKnownFileType = file.storyboard; name = Base; path = Base.lproj/LaunchScreen.storyboard; sourceTree = "<group>"; };
		930086951F2AC79700BEA223 /* Info.plist */ = {isa = PBXFileReference; lastKnownFileType = text.plist.xml; path = Info.plist; sourceTree = "<group>"; };
		A9A2DE9C59B1D9B8F2AC1FA3 /* Pods-UIkitPractice.release.xcconfig */ = {isa = PBXFileReference; includeInIndex = 1; lastKnownFileType = text.xcconfig; name = "Pods-UIkitPractice.release.xcconfig"; path = "Pods/Target Support Files/Pods-UIkitPractice/Pods-UIkitPractice.release.xcconfig"; sourceTree = "<group>"; };
		DD2338200B95C084BD95FF11 /* Pods-UIkitPractice.debug.xcconfig */ = {isa = PBXFileReference; includeInIndex = 1; lastKnownFileType = text.xcconfig; name = "Pods-UIkitPractice.debug.xcconfig"; path = "Pods/Target Support Files/Pods-UIkitPractice/Pods-UIkitPractice.debug.xcconfig"; sourceTree = "<group>"; };
/* End PBXFileReference section */

/* Begin PBXFrameworksBuildPhase section */
		930086831F2AC79700BEA223 /* Frameworks */ = {
			isa = PBXFrameworksBuildPhase;
			buildActionMask = 2147483647;
			files = (
				178F3E2BFB9510FA8A40DC02 /* Pods_UIkitPractice.framework in Frameworks */,
			);
			runOnlyForDeploymentPostprocessing = 0;
		};
/* End PBXFrameworksBuildPhase section */

/* Begin PBXGroup section */
		4E6C80029BDD289DF3A7CEE7 /* Frameworks */ = {
			isa = PBXGroup;
			children = (
				61FD1783BE672403F0244D69 /* Pods_UIkitPractice.framework */,
			);
			name = Frameworks;
			sourceTree = "<group>";
		};
		9300867D1F2AC79700BEA223 = {
			isa = PBXGroup;
			children = (
				930086881F2AC79700BEA223 /* UIkitPractice */,
				930086871F2AC79700BEA223 /* Products */,
				F874706F867A277FBE59DEC0 /* Pods */,
				4E6C80029BDD289DF3A7CEE7 /* Frameworks */,
			);
			sourceTree = "<group>";
		};
		930086871F2AC79700BEA223 /* Products */ = {
			isa = PBXGroup;
			children = (
				930086861F2AC79700BEA223 /* UIkitPractice.app */,
			);
			name = Products;
			sourceTree = "<group>";
		};
		930086881F2AC79700BEA223 /* UIkitPractice */ = {
			isa = PBXGroup;
			children = (
				930086891F2AC79700BEA223 /* AppDelegate.swift */,
				9300868B1F2AC79700BEA223 /* ViewController.swift */,
				9300868D1F2AC79700BEA223 /* Main.storyboard */,
				930086901F2AC79700BEA223 /* Assets.xcassets */,
				930086921F2AC79700BEA223 /* LaunchScreen.storyboard */,
				930086951F2AC79700BEA223 /* Info.plist */,
			);
			path = UIkitPractice;
			sourceTree = "<group>";
		};
		F874706F867A277FBE59DEC0 /* Pods */ = {
			isa = PBXGroup;
			children = (
				DD2338200B95C084BD95FF11 /* Pods-UIkitPractice.debug.xcconfig */,
				A9A2DE9C59B1D9B8F2AC1FA3 /* Pods-UIkitPractice.release.xcconfig */,
			);
			name = Pods;
			sourceTree = "<group>";
		};
/* End PBXGroup section */

/* Begin PBXNativeTarget section */
		930086851F2AC79700BEA223 /* UIkitPractice */ = {
			isa = PBXNativeTarget;
			buildConfigurationList = 930086981F2AC79700BEA223 /* Build configuration list for PBXNativeTarget "UIkitPractice" */;
			buildPhases = (
				9774848145F2E2C53AEFB762 /* [CP] Check Pods Manifest.lock */,
				930086821F2AC79700BEA223 /* Sources */,
				930086831F2AC79700BEA223 /* Frameworks */,
				930086841F2AC79700BEA223 /* Resources */,
				71F6B42B88989101CDD9C0A1 /* [CP] Embed Pods Frameworks */,
				749343B0C232F6A90341D277 /* [CP] Copy Pods Resources */,
				9300869B1F2AC98400BEA223 /* Swiftlint */,
			);
			buildRules = (
			);
			dependencies = (
			);
			name = UIkitPractice;
			productName = UIkitPractice;
			productReference = 930086861F2AC79700BEA223 /* UIkitPractice.app */;
			productType = "com.apple.product-type.application";
		};
/* End PBXNativeTarget section */

/* Begin PBXProject section */
		9300867E1F2AC79700BEA223 /* Project object */ = {
			isa = PBXProject;
			attributes = {
				LastSwiftUpdateCheck = 0830;
				LastUpgradeCheck = 0830;
				ORGANIZATIONNAME = "Ｍason Chang iOS#4";
				TargetAttributes = {
					930086851F2AC79700BEA223 = {
						CreatedOnToolsVersion = 8.3.2;
						DevelopmentTeam = D9HX74L5M5;
						ProvisioningStyle = Automatic;
					};
				};
			};
			buildConfigurationList = 930086811F2AC79700BEA223 /* Build configuration list for PBXProject "UIkitPractice" */;
			compatibilityVersion = "Xcode 3.2";
			developmentRegion = English;
			hasScannedForEncodings = 0;
			knownRegions = (
				en,
				Base,
			);
			mainGroup = 9300867D1F2AC79700BEA223;
			productRefGroup = 930086871F2AC79700BEA223 /* Products */;
			projectDirPath = "";
			projectRoot = "";
			targets = (
				930086851F2AC79700BEA223 /* UIkitPractice */,
			);
		};
/* End PBXProject section */

/* Begin PBXResourcesBuildPhase section */
		930086841F2AC79700BEA223 /* Resources */ = {
			isa = PBXResourcesBuildPhase;
			buildActionMask = 2147483647;
			files = (
				930086941F2AC79700BEA223 /* LaunchScreen.storyboard in Resources */,
				930086911F2AC79700BEA223 /* Assets.xcassets in Resources */,
				9300868F1F2AC79700BEA223 /* Main.storyboard in Resources */,
			);
			runOnlyForDeploymentPostprocessing = 0;
		};
/* End PBXResourcesBuildPhase section */

/* Begin PBXShellScriptBuildPhase section */
		71F6B42B88989101CDD9C0A1 /* [CP] Embed Pods Frameworks */ = {
			isa = PBXShellScriptBuildPhase;
			buildActionMask = 2147483647;
			files = (
			);
			inputPaths = (
			);
			name = "[CP] Embed Pods Frameworks";
			outputPaths = (
			);
			runOnlyForDeploymentPostprocessing = 0;
			shellPath = /bin/sh;
			shellScript = "\"${SRCROOT}/Pods/Target Support Files/Pods-UIkitPractice/Pods-UIkitPractice-frameworks.sh\"\n";
			showEnvVarsInLog = 0;
		};
		749343B0C232F6A90341D277 /* [CP] Copy Pods Resources */ = {
			isa = PBXShellScriptBuildPhase;
			buildActionMask = 2147483647;
			files = (
			);
			inputPaths = (
			);
			name = "[CP] Copy Pods Resources";
			outputPaths = (
			);
			runOnlyForDeploymentPostprocessing = 0;
			shellPath = /bin/sh;
			shellScript = "\"${SRCROOT}/Pods/Target Support Files/Pods-UIkitPractice/Pods-UIkitPractice-resources.sh\"\n";
			showEnvVarsInLog = 0;
		};
		9300869B1F2AC98400BEA223 /* Swiftlint */ = {
			isa = PBXShellScriptBuildPhase;
			buildActionMask = 2147483647;
			files = (
			);
			inputPaths = (
			);
			name = Swiftlint;
			outputPaths = (
			);
			runOnlyForDeploymentPostprocessing = 0;
			shellPath = /bin/sh;
			shellScript = "if which swiftlint >/dev/null; then\nswiftlint\nelse\necho \"warning: SwiftLint not installed, download from https://github.com/realm/SwiftLint\"\nfi\n";
		};
		9774848145F2E2C53AEFB762 /* [CP] Check Pods Manifest.lock */ = {
			isa = PBXShellScriptBuildPhase;
			buildActionMask = 2147483647;
			files = (
			);
			inputPaths = (
			);
			name = "[CP] Check Pods Manifest.lock";
			outputPaths = (
			);
			runOnlyForDeploymentPostprocessing = 0;
			shellPath = /bin/sh;
			shellScript = "diff \"${PODS_PODFILE_DIR_PATH}/Podfile.lock\" \"${PODS_ROOT}/Manifest.lock\" > /dev/null\nif [ $? != 0 ] ; then\n    # print error to STDERR\n    echo \"error: The sandbox is not in sync with the Podfile.lock. Run 'pod install' or update your CocoaPods installation.\" >&2\n    exit 1\nfi\n";
			showEnvVarsInLog = 0;
		};
/* End PBXShellScriptBuildPhase section */

/* Begin PBXSourcesBuildPhase section */
		930086821F2AC79700BEA223 /* Sources */ = {
			isa = PBXSourcesBuildPhase;
			buildActionMask = 2147483647;
			files = (
				9300868C1F2AC79700BEA223 /* ViewController.swift in Sources */,
				9300868A1F2AC79700BEA223 /* AppDelegate.swift in Sources */,
			);
			runOnlyForDeploymentPostprocessing = 0;
		};
/* End PBXSourcesBuildPhase section */

/* Begin PBXVariantGroup section */
		9300868D1F2AC79700BEA223 /* Main.storyboard */ = {
			isa = PBXVariantGroup;
			children = (
				9300868E1F2AC79700BEA223 /* Base */,
			);
			name = Main.storyboard;
			sourceTree = "<group>";
		};
		930086921F2AC79700BEA223 /* LaunchScreen.storyboard */ = {
			isa = PBXVariantGroup;
			children = (
				930086931F2AC79700BEA223 /* Base */,
			);
			name = LaunchScreen.storyboard;
			sourceTree = "<group>";
		};
/* End PBXVariantGroup section */

/* Begin XCBuildConfiguration section */
		930086961F2AC79700BEA223 /* Debug */ = {
			isa = XCBuildConfiguration;
			buildSettings = {
				ALWAYS_SEARCH_USER_PATHS = NO;
				CLANG_ANALYZER_NONNULL = YES;
				CLANG_ANALYZER_NUMBER_OBJECT_CONVERSION = YES_AGGRESSIVE;
				CLANG_CXX_LANGUAGE_STANDARD = "gnu++0x";
				CLANG_CXX_LIBRARY = "libc++";
				CLANG_ENABLE_MODULES = YES;
				CLANG_ENABLE_OBJC_ARC = YES;
				CLANG_WARN_BOOL_CONVERSION = YES;
				CLANG_WARN_CONSTANT_CONVERSION = YES;
				CLANG_WARN_DIRECT_OBJC_ISA_USAGE = YES_ERROR;
				CLANG_WARN_DOCUMENTATION_COMMENTS = YES;
				CLANG_WARN_EMPTY_BODY = YES;
				CLANG_WARN_ENUM_CONVERSION = YES;
				CLANG_WARN_INFINITE_RECURSION = YES;
				CLANG_WARN_INT_CONVERSION = YES;
				CLANG_WARN_OBJC_ROOT_CLASS = YES_ERROR;
				CLANG_WARN_SUSPICIOUS_MOVE = YES;
				CLANG_WARN_UNREACHABLE_CODE = YES;
				CLANG_WARN__DUPLICATE_METHOD_MATCH = YES;
				"CODE_SIGN_IDENTITY[sdk=iphoneos*]" = "iPhone Developer";
				COPY_PHASE_STRIP = NO;
				DEBUG_INFORMATION_FORMAT = dwarf;
				ENABLE_STRICT_OBJC_MSGSEND = YES;
				ENABLE_TESTABILITY = YES;
				GCC_C_LANGUAGE_STANDARD = gnu99;
				GCC_DYNAMIC_NO_PIC = NO;
				GCC_NO_COMMON_BLOCKS = YES;
				GCC_OPTIMIZATION_LEVEL = 0;
				GCC_PREPROCESSOR_DEFINITIONS = (
					"DEBUG=1",
					"$(inherited)",
				);
				GCC_WARN_64_TO_32_BIT_CONVERSION = YES;
				GCC_WARN_ABOUT_RETURN_TYPE = YES_ERROR;
				GCC_WARN_UNDECLARED_SELECTOR = YES;
				GCC_WARN_UNINITIALIZED_AUTOS = YES_AGGRESSIVE;
				GCC_WARN_UNUSED_FUNCTION = YES;
				GCC_WARN_UNUSED_VARIABLE = YES;
				IPHONEOS_DEPLOYMENT_TARGET = 10.3;
				MTL_ENABLE_DEBUG_INFO = YES;
				ONLY_ACTIVE_ARCH = YES;
				SDKROOT = iphoneos;
				SWIFT_ACTIVE_COMPILATION_CONDITIONS = DEBUG;
				SWIFT_OPTIMIZATION_LEVEL = "-Onone";
			};
			name = Debug;
		};
		930086971F2AC79700BEA223 /* Release */ = {
			isa = XCBuildConfiguration;
			buildSettings = {
				ALWAYS_SEARCH_USER_PATHS = NO;
				CLANG_ANALYZER_NONNULL = YES;
				CLANG_ANALYZER_NUMBER_OBJECT_CONVERSION = YES_AGGRESSIVE;
				CLANG_CXX_LANGUAGE_STANDARD = "gnu++0x";
				CLANG_CXX_LIBRARY = "libc++";
				CLANG_ENABLE_MODULES = YES;
				CLANG_ENABLE_OBJC_ARC = YES;
				CLANG_WARN_BOOL_CONVERSION = YES;
				CLANG_WARN_CONSTANT_CONVERSION = YES;
				CLANG_WARN_DIRECT_OBJC_ISA_USAGE = YES_ERROR;
				CLANG_WARN_DOCUMENTATION_COMMENTS = YES;
				CLANG_WARN_EMPTY_BODY = YES;
				CLANG_WARN_ENUM_CONVERSION = YES;
				CLANG_WARN_INFINITE_RECURSION = YES;
				CLANG_WARN_INT_CONVERSION = YES;
				CLANG_WARN_OBJC_ROOT_CLASS = YES_ERROR;
				CLANG_WARN_SUSPICIOUS_MOVE = YES;
				CLANG_WARN_UNREACHABLE_CODE = YES;
				CLANG_WARN__DUPLICATE_METHOD_MATCH = YES;
				"CODE_SIGN_IDENTITY[sdk=iphoneos*]" = "iPhone Developer";
				COPY_PHASE_STRIP = NO;
				DEBUG_INFORMATION_FORMAT = "dwarf-with-dsym";
				ENABLE_NS_ASSERTIONS = NO;
				ENABLE_STRICT_OBJC_MSGSEND = YES;
				GCC_C_LANGUAGE_STANDARD = gnu99;
				GCC_NO_COMMON_BLOCKS = YES;
				GCC_WARN_64_TO_32_BIT_CONVERSION = YES;
				GCC_WARN_ABOUT_RETURN_TYPE = YES_ERROR;
				GCC_WARN_UNDECLARED_SELECTOR = YES;
				GCC_WARN_UNINITIALIZED_AUTOS = YES_AGGRESSIVE;
				GCC_WARN_UNUSED_FUNCTION = YES;
				GCC_WARN_UNUSED_VARIABLE = YES;
				IPHONEOS_DEPLOYMENT_TARGET = 10.3;
				MTL_ENABLE_DEBUG_INFO = NO;
				SDKROOT = iphoneos;
				SWIFT_OPTIMIZATION_LEVEL = "-Owholemodule";
				VALIDATE_PRODUCT = YES;
			};
			name = Release;
		};
		930086991F2AC79700BEA223 /* Debug */ = {
			isa = XCBuildConfiguration;
			baseConfigurationReference = DD2338200B95C084BD95FF11 /* Pods-UIkitPractice.debug.xcconfig */;
			buildSettings = {
				ASSETCATALOG_COMPILER_APPICON_NAME = AppIcon;
				DEVELOPMENT_TEAM = D9HX74L5M5;
				INFOPLIST_FILE = UIkitPractice/Info.plist;
				LD_RUNPATH_SEARCH_PATHS = "$(inherited) @executable_path/Frameworks";
				PRODUCT_BUNDLE_IDENTIFIER = com.masonchang.UIkitPractice;
				PRODUCT_NAME = "$(TARGET_NAME)";
				SWIFT_VERSION = 3.0;
			};
			name = Debug;
		};
		9300869A1F2AC79700BEA223 /* Release */ = {
			isa = XCBuildConfiguration;
			baseConfigurationReference = A9A2DE9C59B1D9B8F2AC1FA3 /* Pods-UIkitPractice.release.xcconfig */;
			buildSettings = {
				ASSETCATALOG_COMPILER_APPICON_NAME = AppIcon;
				DEVELOPMENT_TEAM = D9HX74L5M5;
				INFOPLIST_FILE = UIkitPractice/Info.plist;
				LD_RUNPATH_SEARCH_PATHS = "$(inherited) @executable_path/Frameworks";
				PRODUCT_BUNDLE_IDENTIFIER = com.masonchang.UIkitPractice;
				PRODUCT_NAME = "$(TARGET_NAME)";
				SWIFT_VERSION = 3.0;
			};
			name = Release;
		};
/* End XCBuildConfiguration section */

/* Begin XCConfigurationList section */
		930086811F2AC79700BEA223 /* Build configuration list for PBXProject "UIkitPractice" */ = {
			isa = XCConfigurationList;
			buildConfigurations = (
				930086961F2AC79700BEA223 /* Debug */,
				930086971F2AC79700BEA223 /* Release */,
			);
			defaultConfigurationIsVisible = 0;
			defaultConfigurationName = Release;
		};
		930086981F2AC79700BEA223 /* Build configuration list for PBXNativeTarget "UIkitPractice" */ = {
			isa = XCConfigurationList;
			buildConfigurations = (
				930086991F2AC79700BEA223 /* Debug */,
				9300869A1F2AC79700BEA223 /* Release */,
			);
			defaultConfigurationIsVisible = 0;
			defaultConfigurationName = Release;
		};
/* End XCConfigurationList section */
	};
	rootObject = 9300867E1F2AC79700BEA223 /* Project object */;
}
